
Microsoft Visual Studio Solution File, Format Version 12.00
# Visual Studio Version 16
VisualStudioVersion = 16.0.30907.101
MinimumVisualStudioVersion = 10.0.40219.1
Project("{9A19103F-16F7-4668-BE54-9A1E7A4F7556}") = "MethodOverloading", "MethodOverloading.csproj", "{A786CFA0-3ECB-4A3C-BDE6-3EACDD1635A6}"
EndProject
Global
	GlobalSection(SolutionConfigurationPlatforms) = preSolution
		Debug|Any CPU = Debug|Any CPU
		Release|Any CPU = Release|Any CPU
	EndGlobalSection
	GlobalSection(ProjectConfigurationPlatforms) = postSolution
		{A786CFA0-3ECB-4A3C-BDE6-3EACDD1635A6}.Debug|Any CPU.ActiveCfg = Debug|Any CPU
		{A786CFA0-3ECB-4A3C-BDE6-3EACDD1635A6}.Debug|Any CPU.Build.0 = Debug|Any CPU
		{A786CFA0-3ECB-4A3C-BDE6-3EACDD1635A6}.Release|Any CPU.ActiveCfg = Release|Any CPU
		{A786CFA0-3ECB-4A3C-BDE6-3EACDD1635A6}.Release|Any CPU.Build.0 = Release|Any CPU
	EndGlobalSection
	GlobalSection(SolutionProperties) = preSolution
		HideSolutionNode = FALSE
	EndGlobalSection
	GlobalSection(ExtensibilityGlobals) = postSolution
		SolutionGuid = {C6A65CE1-F6F3-42B0-9B99-C642E70CB74F}
	EndGlobalSection
EndGlobal
